
Microsoft Visual Studio Solution File, Format Version 12.00
# Visual Studio Version 18
VisualStudioVersion = 18.5.11723.231
MinimumVisualStudioVersion = 10.0.40219.1
Project("{FAE04EC0-301F-11D3-BF4B-00C04F79EFBC}") = "Stereoscopia", "Stereoscopia.csproj", "{F42AD00E-5B5F-4A2D-ABFA-83BB5679E9B4}"
EndProject
Project("{FAE04EC0-301F-11D3-BF4B-00C04F79EFBC}") = "Stereoscopia_2", "Stereoscopia_2\Stereoscopia_2\Stereoscopia_2.csproj", "{8405D287-1F1A-48E9-8519-DD00B6A62428}"
EndProject
Project("{54435603-DBB4-11D2-8724-00A0C9A8B90C}") = "Stereoscopia_Setup", "Stereoscopia_Setup\Stereoscopia_Setup.vdproj", "{B1FA56C8-D212-1DCA-9796-F92AAABDF244}"
EndProject
Global
	GlobalSection(SolutionConfigurationPlatforms) = preSolution
		Debug|Any CPU = Debug|Any CPU
		Release|Any CPU = Release|Any CPU
	EndGlobalSection
	GlobalSection(ProjectConfigurationPlatforms) = postSolution
		{F42AD00E-5B5F-4A2D-ABFA-83BB5679E9B4}.Debug|Any CPU.ActiveCfg = Debug|Any CPU
		{F42AD00E-5B5F-4A2D-ABFA-83BB5679E9B4}.Debug|Any CPU.Build.0 = Debug|Any CPU
		{F42AD00E-5B5F-4A2D-ABFA-83BB5679E9B4}.Release|Any CPU.ActiveCfg = Release|Any CPU
		{F42AD00E-5B5F-4A2D-ABFA-83BB5679E9B4}.Release|Any CPU.Build.0 = Release|Any CPU
		{8405D287-1F1A-48E9-8519-DD00B6A62428}.Debug|Any CPU.ActiveCfg = Debug|Any CPU
		{8405D287-1F1A-48E9-8519-DD00B6A62428}.Debug|Any CPU.Build.0 = Debug|Any CPU
		{8405D287-1F1A-48E9-8519-DD00B6A62428}.Release|Any CPU.ActiveCfg = Release|Any CPU
		{8405D287-1F1A-48E9-8519-DD00B6A62428}.Release|Any CPU.Build.0 = Release|Any CPU
		{B1FA56C8-D212-1DCA-9796-F92AAABDF244}.Debug|Any CPU.ActiveCfg = Debug
		{B1FA56C8-D212-1DCA-9796-F92AAABDF244}.Release|Any CPU.ActiveCfg = Release
	EndGlobalSection
	GlobalSection(SolutionProperties) = preSolution
		HideSolutionNode = FALSE
	EndGlobalSection
	GlobalSection(ExtensibilityGlobals) = postSolution
		SolutionGuid = {E5F35908-3315-413D-8D7E-6479200B8456}
	EndGlobalSection
EndGlobal
